
Microsoft Visual Studio Solution File, Format Version 12.00
# Visual Studio Version 17
VisualStudioVersion = 17.5.002.0
MinimumVisualStudioVersion = 10.0.40219.1
Project("{9A19103F-16F7-4668-BE54-9A1E7A4F7556}") = "mvcproj", "mvcproj.csproj", "{51D39FCF-49CA-4693-A575-B06FA1E57824}"
EndProject
Global
	GlobalSection(SolutionConfigurationPlatforms) = preSolution
		Debug|Any CPU = Debug|Any CPU
		Release|Any CPU = Release|Any CPU
	EndGlobalSection
	GlobalSection(ProjectConfigurationPlatforms) = postSolution
		{51D39FCF-49CA-4693-A575-B06FA1E57824}.Debug|Any CPU.ActiveCfg = Debug|Any CPU
		{51D39FCF-49CA-4693-A575-B06FA1E57824}.Debug|Any CPU.Build.0 = Debug|Any CPU
		{51D39FCF-49CA-4693-A575-B06FA1E57824}.Release|Any CPU.ActiveCfg = Release|Any CPU
		{51D39FCF-49CA-4693-A575-B06FA1E57824}.Release|Any CPU.Build.0 = Release|Any CPU
	EndGlobalSection
	GlobalSection(SolutionProperties) = preSolution
		HideSolutionNode = FALSE
	EndGlobalSection
	GlobalSection(ExtensibilityGlobals) = postSolution
		SolutionGuid = {F60AC63A-2235-444C-8CDB-8C8691267640}
	EndGlobalSection
EndGlobal
